
Microsoft Visual Studio Solution File, Format Version 12.00
# Visual Studio 15
VisualStudioVersion = 15.0.27004.2005
MinimumVisualStudioVersion = 10.0.40219.1
Project("{FAE04EC0-301F-11D3-BF4B-00C04F79EFBC}") = "Family", "Family\Family.csproj", "{4B250030-BA93-43E1-B4FB-78B72A7AD6A1}"
EndProject
Project("{FAE04EC0-301F-11D3-BF4B-00C04F79EFBC}") = "Family.Model", "Family.Model\Family.Model.csproj", "{7CF9E2D1-3936-4385-9A26-B99F7127B3F6}"
EndProject
Project("{FAE04EC0-301F-11D3-BF4B-00C04F79EFBC}") = "Family.ViewModel", "Family.ViewModel\Family.ViewModel.csproj", "{E74142FA-F2FC-469E-AA5B-21BADBA12694}"
EndProject
Global
	GlobalSection(SolutionConfigurationPlatforms) = preSolution
		Debug|Any CPU = Debug|Any CPU
		Release|Any CPU = Release|Any CPU
	EndGlobalSection
	GlobalSection(ProjectConfigurationPlatforms) = postSolution
		{4B250030-BA93-43E1-B4FB-78B72A7AD6A1}.Debug|Any CPU.ActiveCfg = Debug|Any CPU
		{4B250030-BA93-43E1-B4FB-78B72A7AD6A1}.Debug|Any CPU.Build.0 = Debug|Any CPU
		{4B250030-BA93-43E1-B4FB-78B72A7AD6A1}.Release|Any CPU.ActiveCfg = Release|Any CPU
		{4B250030-BA93-43E1-B4FB-78B72A7AD6A1}.Release|Any CPU.Build.0 = Release|Any CPU
		{7CF9E2D1-3936-4385-9A26-B99F7127B3F6}.Debug|Any CPU.ActiveCfg = Debug|Any CPU
		{7CF9E2D1-3936-4385-9A26-B99F7127B3F6}.Debug|Any CPU.Build.0 = Debug|Any CPU
		{7CF9E2D1-3936-4385-9A26-B99F7127B3F6}.Release|Any CPU.ActiveCfg = Release|Any CPU
		{7CF9E2D1-3936-4385-9A26-B99F7127B3F6}.Release|Any CPU.Build.0 = Release|Any CPU
		{E74142FA-F2FC-469E-AA5B-21BADBA12694}.Debug|Any CPU.ActiveCfg = Debug|Any CPU
		{E74142FA-F2FC-469E-AA5B-21BADBA12694}.Debug|Any CPU.Build.0 = Debug|Any CPU
		{E74142FA-F2FC-469E-AA5B-21BADBA12694}.Release|Any CPU.ActiveCfg = Release|Any CPU
		{E74142FA-F2FC-469E-AA5B-21BADBA12694}.Release|Any CPU.Build.0 = Release|Any CPU
	EndGlobalSection
	GlobalSection(SolutionProperties) = preSolution
		HideSolutionNode = FALSE
	EndGlobalSection
	GlobalSection(ExtensibilityGlobals) = postSolution
		SolutionGuid = {B193F006-8FCC-4932-99B1-3A79DB382C4C}
	EndGlobalSection
EndGlobal
